
Microsoft Visual Studio Solution File, Format Version 12.00
Project("{FAE04EC0-301F-11D3-BF4B-00C04F79EFBC}") = "Broncos", "Broncos.csproj", "{3E694D32-D46A-4458-B5C4-A97A95893E41}"
EndProject
Global
	GlobalSection(SolutionConfigurationPlatforms) = preSolution
		Debug|Any CPU = Debug|Any CPU
		Release|Any CPU = Release|Any CPU
	EndGlobalSection
	GlobalSection(ProjectConfigurationPlatforms) = postSolution
		{3E694D32-D46A-4458-B5C4-A97A95893E41}.Debug|Any CPU.ActiveCfg = Debug|Any CPU
		{3E694D32-D46A-4458-B5C4-A97A95893E41}.Debug|Any CPU.Build.0 = Debug|Any CPU
		{3E694D32-D46A-4458-B5C4-A97A95893E41}.Release|Any CPU.ActiveCfg = Release|Any CPU
		{3E694D32-D46A-4458-B5C4-A97A95893E41}.Release|Any CPU.Build.0 = Release|Any CPU
	EndGlobalSection
EndGlobal
